
Microsoft Visual Studio Solution File, Format Version 12.00
# Visual Studio Version 16
VisualStudioVersion = 16.0.30309.148
MinimumVisualStudioVersion = 10.0.40219.1
Project("{FAE04EC0-301F-11D3-BF4B-00C04F79EFBC}") = "Supermarket_management_system", "Supermarket_management_system\Supermarket_management_system.csproj", "{83701708-1F4B-4F64-B4FB-C2136FF640F6}"
EndProject
Project("{2150E333-8FDC-42A3-9474-1A3956D46DE8}") = "SMMS.InventoryMGT", "SMMS.InventoryMGT", "{D360A5F5-B074-476E-ABCC-80035EFCE4D1}"
EndProject
Project("{FAE04EC0-301F-11D3-BF4B-00C04F79EFBC}") = "SMMS.IMGT.Domain", "SMMS.IMGT.Domain\SMMS.IMGT.Domain.csproj", "{DC733C0A-52D5-4480-90D1-241BC609A24E}"
EndProject
Project("{FAE04EC0-301F-11D3-BF4B-00C04F79EFBC}") = "SMMS.IMGT.BL", "SMMS.IMGT.BL\SMMS.IMGT.BL.csproj", "{CFE4A4CC-B32B-4547-941E-72C3B83A00DA}"
EndProject
Project("{FAE04EC0-301F-11D3-BF4B-00C04F79EFBC}") = "SMMS.IMGT.DAL", "SMMS.IMGT.DAL\SMMS.IMGT.DAL.csproj", "{07D989DE-1684-4A1B-A996-3AE938874FFB}"
EndProject
Project("{FAE04EC0-301F-11D3-BF4B-00C04F79EFBC}") = "SMMS.Common", "SMMS.Common\SMMS.Common.csproj", "{8CA4C32E-8C50-4CCE-8D14-CA26A18634F0}"
EndProject
Project("{FAE04EC0-301F-11D3-BF4B-00C04F79EFBC}") = "SMMS_WebAPI", "SMMS_WebAPI\SMMS_WebAPI.csproj", "{4499322C-E547-476C-81F6-1BD5741DB469}"
EndProject
Project("{FAE04EC0-301F-11D3-BF4B-00C04F79EFBC}") = "SMMS.IMG.Views", "SMMS.IMG.Views\SMMS.IMG.Views.csproj", "{D0C7EECD-EDD1-4F0D-9598-5F38D43B3CC7}"
EndProject
Project("{2150E333-8FDC-42A3-9474-1A3956D46DE8}") = "SMMS.UserMGT", "SMMS.UserMGT", "{BAB5D033-C7E5-4AE3-9383-78BBE3CCFE1C}"
EndProject
Project("{FAE04EC0-301F-11D3-BF4B-00C04F79EFBC}") = "SMMS.UserMGT.BL", "SMMS.UserMGT.BL\SMMS.UserMGT.BL.csproj", "{A7592985-0E95-4234-8769-DC53172D9037}"
EndProject
Project("{FAE04EC0-301F-11D3-BF4B-00C04F79EFBC}") = "SMMS.UserMGT.DAL", "SMMS.UserMGT.DAL\SMMS.UserMGT.DAL.csproj", "{B6A3341B-A01A-47C6-A187-036D4328EBEB}"
EndProject
Project("{FAE04EC0-301F-11D3-BF4B-00C04F79EFBC}") = "SMMS.UserMGT.Domain", "SMMS.UserMGT.Domain\SMMS.UserMGT.Domain.csproj", "{60F24D9F-DE0B-4EE1-81E9-E2C5C1CB6EF7}"
EndProject
Project("{2150E333-8FDC-42A3-9474-1A3956D46DE8}") = "SMMS.HRIMGT", "SMMS.HRIMGT", "{4E500F0B-1C9A-45D4-B3C8-0ABF9E8C1720}"
EndProject
Project("{FAE04EC0-301F-11D3-BF4B-00C04F79EFBC}") = "SMMS.HRIMGT.Views", "SMMS.HRIMGT.Views\SMMS.HRIMGT.Views.csproj", "{64AD59F4-073C-4826-9FDE-CD14D65A7DC3}"
EndProject
Project("{FAE04EC0-301F-11D3-BF4B-00C04F79EFBC}") = "SMMS.HRIMGT.BL", "SMMS.HRIMGT.BL\SMMS.HRIMGT.BL.csproj", "{25A9E9C8-0E5C-4D16-A6D7-D0AD872033CB}"
EndProject
Project("{FAE04EC0-301F-11D3-BF4B-00C04F79EFBC}") = "SMMS.HRIMGT.DAL", "SMMS.HRIMGT.DAL\SMMS.HRIMGT.DAL.csproj", "{BBA7C71A-5FAA-4A7C-88B9-E100A3D85B08}"
EndProject
Project("{FAE04EC0-301F-11D3-BF4B-00C04F79EFBC}") = "SMMS.HRIMGT.Domain", "SMMS.HRIMGT.Domain\SMMS.HRIMGT.Domain.csproj", "{414B333D-9961-44D7-BFA1-BD763B879A8D}"
EndProject
Project("{FAE04EC0-301F-11D3-BF4B-00C04F79EFBC}") = "SMMS.UserMGT.Views", "SMMS.UserMGT.Views\SMMS.UserMGT.Views.csproj", "{4C7264FB-7A18-40AF-8BAE-530F54C279DC}"
EndProject
Project("{2150E333-8FDC-42A3-9474-1A3956D46DE8}") = "SMMS.SalesMGT", "SMMS.SalesMGT", "{783CB09B-B9B1-4568-BEF1-F32055B2599B}"
EndProject
Project("{FAE04EC0-301F-11D3-BF4B-00C04F79EFBC}") = "SMMS.SalesMGT.Views", "SMMS.SalesMGT.Views\SMMS.SalesMGT.Views.csproj", "{8F12CE2E-F89F-47F3-87F7-F13A765AB27F}"
EndProject
Project("{FAE04EC0-301F-11D3-BF4B-00C04F79EFBC}") = "SMMS.SalesMGT.BL", "SMMS.SalesMGT.BL\SMMS.SalesMGT.BL.csproj", "{C10E6547-35A4-4ADA-BCC4-C39E3DA5EBA4}"
EndProject
Project("{FAE04EC0-301F-11D3-BF4B-00C04F79EFBC}") = "SMMS.SalesMGT.DAL", "SMMS.SalesMGT.DAL\SMMS.SalesMGT.DAL.csproj", "{77ACCB70-364F-4B56-BD8F-5723708D1B9A}"
EndProject
Project("{FAE04EC0-301F-11D3-BF4B-00C04F79EFBC}") = "SMMS.SalesMGT.Domain", "SMMS.SalesMGT.Domain\SMMS.SalesMGT.Domain.csproj", "{B348E7E4-7269-4618-AFAC-CD809ACB3A8E}"
EndProject
Global
	GlobalSection(SolutionConfigurationPlatforms) = preSolution
		Debug|Any CPU = Debug|Any CPU
		Release|Any CPU = Release|Any CPU
	EndGlobalSection
	GlobalSection(ProjectConfigurationPlatforms) = postSolution
		{83701708-1F4B-4F64-B4FB-C2136FF640F6}.Debug|Any CPU.ActiveCfg = Debug|Any CPU
		{83701708-1F4B-4F64-B4FB-C2136FF640F6}.Debug|Any CPU.Build.0 = Debug|Any CPU
		{83701708-1F4B-4F64-B4FB-C2136FF640F6}.Release|Any CPU.ActiveCfg = Release|Any CPU
		{83701708-1F4B-4F64-B4FB-C2136FF640F6}.Release|Any CPU.Build.0 = Release|Any CPU
		{DC733C0A-52D5-4480-90D1-241BC609A24E}.Debug|Any CPU.ActiveCfg = Debug|Any CPU
		{DC733C0A-52D5-4480-90D1-241BC609A24E}.Debug|Any CPU.Build.0 = Debug|Any CPU
		{DC733C0A-52D5-4480-90D1-241BC609A24E}.Release|Any CPU.ActiveCfg = Release|Any CPU
		{DC733C0A-52D5-4480-90D1-241BC609A24E}.Release|Any CPU.Build.0 = Release|Any CPU
		{CFE4A4CC-B32B-4547-941E-72C3B83A00DA}.Debug|Any CPU.ActiveCfg = Debug|Any CPU
		{CFE4A4CC-B32B-4547-941E-72C3B83A00DA}.Debug|Any CPU.Build.0 = Debug|Any CPU
		{CFE4A4CC-B32B-4547-941E-72C3B83A00DA}.Release|Any CPU.ActiveCfg = Release|Any CPU
		{CFE4A4CC-B32B-4547-941E-72C3B83A00DA}.Release|Any CPU.Build.0 = Release|Any CPU
		{07D989DE-1684-4A1B-A996-3AE938874FFB}.Debug|Any CPU.ActiveCfg = Debug|Any CPU
		{07D989DE-1684-4A1B-A996-3AE938874FFB}.Debug|Any CPU.Build.0 = Debug|Any CPU
		{07D989DE-1684-4A1B-A996-3AE938874FFB}.Release|Any CPU.ActiveCfg = Release|Any CPU
		{07D989DE-1684-4A1B-A996-3AE938874FFB}.Release|Any CPU.Build.0 = Release|Any CPU
		{8CA4C32E-8C50-4CCE-8D14-CA26A18634F0}.Debug|Any CPU.ActiveCfg = Debug|Any CPU
		{8CA4C32E-8C50-4CCE-8D14-CA26A18634F0}.Debug|Any CPU.Build.0 = Debug|Any CPU
		{8CA4C32E-8C50-4CCE-8D14-CA26A18634F0}.Release|Any CPU.ActiveCfg = Release|Any CPU
		{8CA4C32E-8C50-4CCE-8D14-CA26A18634F0}.Release|Any CPU.Build.0 = Release|Any CPU
		{4499322C-E547-476C-81F6-1BD5741DB469}.Debug|Any CPU.ActiveCfg = Debug|Any CPU
		{4499322C-E547-476C-81F6-1BD5741DB469}.Debug|Any CPU.Build.0 = Debug|Any CPU
		{4499322C-E547-476C-81F6-1BD5741DB469}.Release|Any CPU.ActiveCfg = Release|Any CPU
		{4499322C-E547-476C-81F6-1BD5741DB469}.Release|Any CPU.Build.0 = Release|Any CPU
		{D0C7EECD-EDD1-4F0D-9598-5F38D43B3CC7}.Debug|Any CPU.ActiveCfg = Debug|Any CPU
		{D0C7EECD-EDD1-4F0D-9598-5F38D43B3CC7}.Debug|Any CPU.Build.0 = Debug|Any CPU
		{D0C7EECD-EDD1-4F0D-9598-5F38D43B3CC7}.Release|Any CPU.ActiveCfg = Release|Any CPU
		{D0C7EECD-EDD1-4F0D-9598-5F38D43B3CC7}.Release|Any CPU.Build.0 = Release|Any CPU
		{A7592985-0E95-4234-8769-DC53172D9037}.Debug|Any CPU.ActiveCfg = Debug|Any CPU
		{A7592985-0E95-4234-8769-DC53172D9037}.Debug|Any CPU.Build.0 = Debug|Any CPU
		{A7592985-0E95-4234-8769-DC53172D9037}.Release|Any CPU.ActiveCfg = Release|Any CPU
		{A7592985-0E95-4234-8769-DC53172D9037}.Release|Any CPU.Build.0 = Release|Any CPU
		{B6A3341B-A01A-47C6-A187-036D4328EBEB}.Debug|Any CPU.ActiveCfg = Debug|Any CPU
		{B6A3341B-A01A-47C6-A187-036D4328EBEB}.Debug|Any CPU.Build.0 = Debug|Any CPU
		{B6A3341B-A01A-47C6-A187-036D4328EBEB}.Release|Any CPU.ActiveCfg = Release|Any CPU
		{B6A3341B-A01A-47C6-A187-036D4328EBEB}.Release|Any CPU.Build.0 = Release|Any CPU
		{60F24D9F-DE0B-4EE1-81E9-E2C5C1CB6EF7}.Debug|Any CPU.ActiveCfg = Debug|Any CPU
		{60F24D9F-DE0B-4EE1-81E9-E2C5C1CB6EF7}.Debug|Any CPU.Build.0 = Debug|Any CPU
		{60F24D9F-DE0B-4EE1-81E9-E2C5C1CB6EF7}.Release|Any CPU.ActiveCfg = Release|Any CPU
		{60F24D9F-DE0B-4EE1-81E9-E2C5C1CB6EF7}.Release|Any CPU.Build.0 = Release|Any CPU
		{64AD59F4-073C-4826-9FDE-CD14D65A7DC3}.Debug|Any CPU.ActiveCfg = Debug|Any CPU
		{64AD59F4-073C-4826-9FDE-CD14D65A7DC3}.Debug|Any CPU.Build.0 = Debug|Any CPU
		{64AD59F4-073C-4826-9FDE-CD14D65A7DC3}.Release|Any CPU.ActiveCfg = Release|Any CPU
		{64AD59F4-073C-4826-9FDE-CD14D65A7DC3}.Release|Any CPU.Build.0 = Release|Any CPU
		{25A9E9C8-0E5C-4D16-A6D7-D0AD872033CB}.Debug|Any CPU.ActiveCfg = Debug|Any CPU
		{25A9E9C8-0E5C-4D16-A6D7-D0AD872033CB}.Debug|Any CPU.Build.0 = Debug|Any CPU
		{25A9E9C8-0E5C-4D16-A6D7-D0AD872033CB}.Release|Any CPU.ActiveCfg = Release|Any CPU
		{25A9E9C8-0E5C-4D16-A6D7-D0AD872033CB}.Release|Any CPU.Build.0 = Release|Any CPU
		{BBA7C71A-5FAA-4A7C-88B9-E100A3D85B08}.Debug|Any CPU.ActiveCfg = Debug|Any CPU
		{BBA7C71A-5FAA-4A7C-88B9-E100A3D85B08}.Debug|Any CPU.Build.0 = Debug|Any CPU
		{BBA7C71A-5FAA-4A7C-88B9-E100A3D85B08}.Release|Any CPU.ActiveCfg = Release|Any CPU
		{BBA7C71A-5FAA-4A7C-88B9-E100A3D85B08}.Release|Any CPU.Build.0 = Release|Any CPU
		{414B333D-9961-44D7-BFA1-BD763B879A8D}.Debug|Any CPU.ActiveCfg = Debug|Any CPU
		{414B333D-9961-44D7-BFA1-BD763B879A8D}.Debug|Any CPU.Build.0 = Debug|Any CPU
		{414B333D-9961-44D7-BFA1-BD763B879A8D}.Release|Any CPU.ActiveCfg = Release|Any CPU
		{414B333D-9961-44D7-BFA1-BD763B879A8D}.Release|Any CPU.Build.0 = Release|Any CPU
		{4C7264FB-7A18-40AF-8BAE-530F54C279DC}.Debug|Any CPU.ActiveCfg = Debug|Any CPU
		{4C7264FB-7A18-40AF-8BAE-530F54C279DC}.Debug|Any CPU.Build.0 = Debug|Any CPU
		{4C7264FB-7A18-40AF-8BAE-530F54C279DC}.Release|Any CPU.ActiveCfg = Release|Any CPU
		{4C7264FB-7A18-40AF-8BAE-530F54C279DC}.Release|Any CPU.Build.0 = Release|Any CPU
		{8F12CE2E-F89F-47F3-87F7-F13A765AB27F}.Debug|Any CPU.ActiveCfg = Debug|Any CPU
		{8F12CE2E-F89F-47F3-87F7-F13A765AB27F}.Debug|Any CPU.Build.0 = Debug|Any CPU
		{8F12CE2E-F89F-47F3-87F7-F13A765AB27F}.Release|Any CPU.ActiveCfg = Release|Any CPU
		{8F12CE2E-F89F-47F3-87F7-F13A765AB27F}.Release|Any CPU.Build.0 = Release|Any CPU
		{C10E6547-35A4-4ADA-BCC4-C39E3DA5EBA4}.Debug|Any CPU.ActiveCfg = Debug|Any CPU
		{C10E6547-35A4-4ADA-BCC4-C39E3DA5EBA4}.Debug|Any CPU.Build.0 = Debug|Any CPU
		{C10E6547-35A4-4ADA-BCC4-C39E3DA5EBA4}.Release|Any CPU.ActiveCfg = Release|Any CPU
		{C10E6547-35A4-4ADA-BCC4-C39E3DA5EBA4}.Release|Any CPU.Build.0 = Release|Any CPU
		{77ACCB70-364F-4B56-BD8F-5723708D1B9A}.Debug|Any CPU.ActiveCfg = Debug|Any CPU
		{77ACCB70-364F-4B56-BD8F-5723708D1B9A}.Debug|Any CPU.Build.0 = Debug|Any CPU
		{77ACCB70-364F-4B56-BD8F-5723708D1B9A}.Release|Any CPU.ActiveCfg = Release|Any CPU
		{77ACCB70-364F-4B56-BD8F-5723708D1B9A}.Release|Any CPU.Build.0 = Release|Any CPU
		{B348E7E4-7269-4618-AFAC-CD809ACB3A8E}.Debug|Any CPU.ActiveCfg = Debug|Any CPU
		{B348E7E4-7269-4618-AFAC-CD809ACB3A8E}.Debug|Any CPU.Build.0 = Debug|Any CPU
		{B348E7E4-7269-4618-AFAC-CD809ACB3A8E}.Release|Any CPU.ActiveCfg = Release|Any CPU
		{B348E7E4-7269-4618-AFAC-CD809ACB3A8E}.Release|Any CPU.Build.0 = Release|Any CPU
	EndGlobalSection
	GlobalSection(SolutionProperties) = preSolution
		HideSolutionNode = FALSE
	EndGlobalSection
	GlobalSection(NestedProjects) = preSolution
		{DC733C0A-52D5-4480-90D1-241BC609A24E} = {D360A5F5-B074-476E-ABCC-80035EFCE4D1}
		{CFE4A4CC-B32B-4547-941E-72C3B83A00DA} = {D360A5F5-B074-476E-ABCC-80035EFCE4D1}
		{07D989DE-1684-4A1B-A996-3AE938874FFB} = {D360A5F5-B074-476E-ABCC-80035EFCE4D1}
		{D0C7EECD-EDD1-4F0D-9598-5F38D43B3CC7} = {D360A5F5-B074-476E-ABCC-80035EFCE4D1}
		{A7592985-0E95-4234-8769-DC53172D9037} = {BAB5D033-C7E5-4AE3-9383-78BBE3CCFE1C}
		{B6A3341B-A01A-47C6-A187-036D4328EBEB} = {BAB5D033-C7E5-4AE3-9383-78BBE3CCFE1C}
		{60F24D9F-DE0B-4EE1-81E9-E2C5C1CB6EF7} = {BAB5D033-C7E5-4AE3-9383-78BBE3CCFE1C}
		{64AD59F4-073C-4826-9FDE-CD14D65A7DC3} = {4E500F0B-1C9A-45D4-B3C8-0ABF9E8C1720}
		{25A9E9C8-0E5C-4D16-A6D7-D0AD872033CB} = {4E500F0B-1C9A-45D4-B3C8-0ABF9E8C1720}
		{BBA7C71A-5FAA-4A7C-88B9-E100A3D85B08} = {4E500F0B-1C9A-45D4-B3C8-0ABF9E8C1720}
		{414B333D-9961-44D7-BFA1-BD763B879A8D} = {4E500F0B-1C9A-45D4-B3C8-0ABF9E8C1720}
		{4C7264FB-7A18-40AF-8BAE-530F54C279DC} = {BAB5D033-C7E5-4AE3-9383-78BBE3CCFE1C}
		{8F12CE2E-F89F-47F3-87F7-F13A765AB27F} = {783CB09B-B9B1-4568-BEF1-F32055B2599B}
		{C10E6547-35A4-4ADA-BCC4-C39E3DA5EBA4} = {783CB09B-B9B1-4568-BEF1-F32055B2599B}
		{77ACCB70-364F-4B56-BD8F-5723708D1B9A} = {783CB09B-B9B1-4568-BEF1-F32055B2599B}
		{B348E7E4-7269-4618-AFAC-CD809ACB3A8E} = {783CB09B-B9B1-4568-BEF1-F32055B2599B}
	EndGlobalSection
	GlobalSection(ExtensibilityGlobals) = postSolution
		SolutionGuid = {57AEBE13-C083-4B8C-801E-2432DF2444D8}
	EndGlobalSection
EndGlobal
